
Microsoft Visual Studio Solution File, Format Version 12.00
# Visual Studio 15
VisualStudioVersion = 15.0.27130.2003
MinimumVisualStudioVersion = 10.0.40219.1
Project("{FAE04EC0-301F-11D3-BF4B-00C04F79EFBC}") = "OwinDemo", "OwinDemo\OwinDemo.csproj", "{616A1082-8E72-4028-8EDE-681E416E4C0F}"
EndProject
Project("{FAE04EC0-301F-11D3-BF4B-00C04F79EFBC}") = "TransparentProxyDemo", "TransparentProxyDemo\TransparentProxyDemo.csproj", "{7D8FB32A-8FFD-46A3-8BE3-0620805B4E06}"
EndProject
Project("{FAE04EC0-301F-11D3-BF4B-00C04F79EFBC}") = "UnityDemo", "UnityDemo\UnityDemo.csproj", "{E83FFE3F-DE5F-4F8D-828C-AEBF1ABC62E5}"
EndProject
Global
	GlobalSection(SolutionConfigurationPlatforms) = preSolution
		Debug|Any CPU = Debug|Any CPU
		Release|Any CPU = Release|Any CPU
	EndGlobalSection
	GlobalSection(ProjectConfigurationPlatforms) = postSolution
		{616A1082-8E72-4028-8EDE-681E416E4C0F}.Debug|Any CPU.ActiveCfg = Debug|Any CPU
		{616A1082-8E72-4028-8EDE-681E416E4C0F}.Debug|Any CPU.Build.0 = Debug|Any CPU
		{616A1082-8E72-4028-8EDE-681E416E4C0F}.Release|Any CPU.ActiveCfg = Release|Any CPU
		{616A1082-8E72-4028-8EDE-681E416E4C0F}.Release|Any CPU.Build.0 = Release|Any CPU
		{7D8FB32A-8FFD-46A3-8BE3-0620805B4E06}.Debug|Any CPU.ActiveCfg = Debug|Any CPU
		{7D8FB32A-8FFD-46A3-8BE3-0620805B4E06}.Debug|Any CPU.Build.0 = Debug|Any CPU
		{7D8FB32A-8FFD-46A3-8BE3-0620805B4E06}.Release|Any CPU.ActiveCfg = Release|Any CPU
		{7D8FB32A-8FFD-46A3-8BE3-0620805B4E06}.Release|Any CPU.Build.0 = Release|Any CPU
		{E83FFE3F-DE5F-4F8D-828C-AEBF1ABC62E5}.Debug|Any CPU.ActiveCfg = Debug|Any CPU
		{E83FFE3F-DE5F-4F8D-828C-AEBF1ABC62E5}.Debug|Any CPU.Build.0 = Debug|Any CPU
		{E83FFE3F-DE5F-4F8D-828C-AEBF1ABC62E5}.Release|Any CPU.ActiveCfg = Release|Any CPU
		{E83FFE3F-DE5F-4F8D-828C-AEBF1ABC62E5}.Release|Any CPU.Build.0 = Release|Any CPU
	EndGlobalSection
	GlobalSection(SolutionProperties) = preSolution
		HideSolutionNode = FALSE
	EndGlobalSection
	GlobalSection(ExtensibilityGlobals) = postSolution
		SolutionGuid = {FCE3F75F-464E-41B6-A5A7-4E3061F07548}
	EndGlobalSection
EndGlobal
